// !$*UTF8*$!
{
	archiveVersion = 1;
	classes = {
	};
	objectVersion = 51;
	objects = {

/* Begin PBXBuildFile section */
		18902E6026E24D5600D55BF7 /* AppDelegate.swift in Sources */ = {isa = PBXBuildFile; fileRef = 18902E5F26E24D5600D55BF7 /* AppDelegate.swift */; };
		18902E6226E24D5600D55BF7 /* SceneDelegate.swift in Sources */ = {isa = PBXBuildFile; fileRef = 18902E6126E24D5600D55BF7 /* SceneDelegate.swift */; };
		18902E6426E24D5600D55BF7 /* ViewController.swift in Sources */ = {isa = PBXBuildFile; fileRef = 18902E6326E24D5600D55BF7 /* ViewController.swift */; };
		18902E6726E24D5600D55BF7 /* Main.storyboard in Resources */ = {isa = PBXBuildFile; fileRef = 18902E6526E24D5600D55BF7 /* Main.storyboard */; };
		18902E6A26E24D5600D55BF7 /* CurrencyConverter.xcdatamodeld in Sources */ = {isa = PBXBuildFile; fileRef = 18902E6826E24D5600D55BF7 /* CurrencyConverter.xcdatamodeld */; };
		18902E6C26E24D5800D55BF7 /* Assets.xcassets in Resources */ = {isa = PBXBuildFile; fileRef = 18902E6B26E24D5800D55BF7 /* Assets.xcassets */; };
		18902E6F26E24D5800D55BF7 /* LaunchScreen.storyboard in Resources */ = {isa = PBXBuildFile; fileRef = 18902E6D26E24D5800D55BF7 /* LaunchScreen.storyboard */; };
		18902E7826E24DA900D55BF7 /* CurrencyTableCell.swift in Sources */ = {isa = PBXBuildFile; fileRef = 18902E7726E24DA900D55BF7 /* CurrencyTableCell.swift */; };
		18E9CCC826E26398008DB6D7 /* StartScreenViewController.swift in Sources */ = {isa = PBXBuildFile; fileRef = 18E9CCC726E26398008DB6D7 /* StartScreenViewController.swift */; };
		18E9CCCB26E269DB008DB6D7 /* ConverterViewController.swift in Sources */ = {isa = PBXBuildFile; fileRef = 18E9CCCA26E269DB008DB6D7 /* ConverterViewController.swift */; };
		18E9CCD726E26C5A008DB6D7 /* CurrencyEntity+CoreDataProperties.swift in Sources */ = {isa = PBXBuildFile; fileRef = 18E9CCD626E26C5A008DB6D7 /* CurrencyEntity+CoreDataProperties.swift */; };
		18E9CCD826E26C5A008DB6D7 /* CurrencyEntity+CoreDataClass.swift in Sources */ = {isa = PBXBuildFile; fileRef = 18E9CCD526E26C5A008DB6D7 /* CurrencyEntity+CoreDataClass.swift */; };
		FC417BC58E521C096E05F1FD /* Pods_CurrencyConverter.framework in Frameworks */ = {isa = PBXBuildFile; fileRef = 3C519BCB951E57034CB6FA0A /* Pods_CurrencyConverter.framework */; };
/* End PBXBuildFile section */

/* Begin PBXFileReference section */
		00B5AA0FFD982F0469C821D4 /* Pods-CurrencyConverter.release.xcconfig */ = {isa = PBXFileReference; includeInIndex = 1; lastKnownFileType = text.xcconfig; name = "Pods-CurrencyConverter.release.xcconfig"; path = "Target Support Files/Pods-CurrencyConverter/Pods-CurrencyConverter.release.xcconfig"; sourceTree = "<group>"; };
		18902E5C26E24D5600D55BF7 /* CurrencyConverter.app */ = {isa = PBXFileReference; explicitFileType = wrapper.application; includeInIndex = 0; path = CurrencyConverter.app; sourceTree = BUILT_PRODUCTS_DIR; };
		18902E5F26E24D5600D55BF7 /* AppDelegate.swift */ = {isa = PBXFileReference; lastKnownFileType = sourcecode.swift; path = AppDelegate.swift; sourceTree = "<group>"; };
		18902E6126E24D5600D55BF7 /* SceneDelegate.swift */ = {isa = PBXFileReference; lastKnownFileType = sourcecode.swift; path = SceneDelegate.swift; sourceTree = "<group>"; };
		18902E6326E24D5600D55BF7 /* ViewController.swift */ = {isa = PBXFileReference; lastKnownFileType = sourcecode.swift; path = ViewController.swift; sourceTree = "<group>"; };
		18902E6626E24D5600D55BF7 /* Base */ = {isa = PBXFileReference; lastKnownFileType = file.storyboard; name = Base; path = Base.lproj/Main.storyboard; sourceTree = "<group>"; };
		18902E6926E24D5600D55BF7 /* CurrencyConverter.xcdatamodel */ = {isa = PBXFileReference; lastKnownFileType = wrapper.xcdatamodel; path = CurrencyConverter.xcdatamodel; sourceTree = "<group>"; };
		18902E6B26E24D5800D55BF7 /* Assets.xcassets */ = {isa = PBXFileReference; lastKnownFileType = folder.assetcatalog; path = Assets.xcassets; sourceTree = "<group>"; };
		18902E6E26E24D5800D55BF7 /* Base */ = {isa = PBXFileReference; lastKnownFileType = file.storyboard; name = Base; path = Base.lproj/LaunchScreen.storyboard; sourceTree = "<group>"; };
		18902E7026E24D5800D55BF7 /* Info.plist */ = {isa = PBXFileReference; lastKnownFileType = text.plist.xml; path = Info.plist; sourceTree = "<group>"; };
		18902E7726E24DA900D55BF7 /* CurrencyTableCell.swift */ = {isa = PBXFileReference; lastKnownFileType = sourcecode.swift; path = CurrencyTableCell.swift; sourceTree = "<group>"; };
		18E9CCC726E26398008DB6D7 /* StartScreenViewController.swift */ = {isa = PBXFileReference; lastKnownFileType = sourcecode.swift; path = StartScreenViewController.swift; sourceTree = "<group>"; };
		18E9CCCA26E269DB008DB6D7 /* ConverterViewController.swift */ = {isa = PBXFileReference; lastKnownFileType = sourcecode.swift; path = ConverterViewController.swift; sourceTree = "<group>"; };
		18E9CCD526E26C5A008DB6D7 /* CurrencyEntity+CoreDataClass.swift */ = {isa = PBXFileReference; lastKnownFileType = sourcecode.swift; name = "CurrencyEntity+CoreDataClass.swift"; path = "/Users/neoviso/Desktop/Tasks/CurrencyConverter/CurrencyConverter/CurrencyEntity+CoreDataClass.swift"; sourceTree = "<absolute>"; };
		18E9CCD626E26C5A008DB6D7 /* CurrencyEntity+CoreDataProperties.swift */ = {isa = PBXFileReference; lastKnownFileType = sourcecode.swift; name = "CurrencyEntity+CoreDataProperties.swift"; path = "/Users/neoviso/Desktop/Tasks/CurrencyConverter/CurrencyConverter/CurrencyEntity+CoreDataProperties.swift"; sourceTree = "<absolute>"; };
		3C519BCB951E57034CB6FA0A /* Pods_CurrencyConverter.framework */ = {isa = PBXFileReference; explicitFileType = wrapper.framework; includeInIndex = 0; path = Pods_CurrencyConverter.framework; sourceTree = BUILT_PRODUCTS_DIR; };
		AC641B623CE4ABF3AD7AEC22 /* Pods-CurrencyConverter.debug.xcconfig */ = {isa = PBXFileReference; includeInIndex = 1; lastKnownFileType = text.xcconfig; name = "Pods-CurrencyConverter.debug.xcconfig"; path = "Target Support Files/Pods-CurrencyConverter/Pods-CurrencyConverter.debug.xcconfig"; sourceTree = "<group>"; };
/* End PBXFileReference section */

/* Begin PBXFrameworksBuildPhase section */
		18902E5926E24D5600D55BF7 /* Frameworks */ = {
			isa = PBXFrameworksBuildPhase;
			buildActionMask = 2147483647;
			files = (
				FC417BC58E521C096E05F1FD /* Pods_CurrencyConverter.framework in Frameworks */,
			);
			runOnlyForDeploymentPostprocessing = 0;
		};
/* End PBXFrameworksBuildPhase section */

/* Begin PBXGroup section */
		18902E5326E24D5600D55BF7 = {
			isa = PBXGroup;
			children = (
				18902E5E26E24D5600D55BF7 /* CurrencyConverter */,
				18902E5D26E24D5600D55BF7 /* Products */,
				CBA671546D2F9E3C5135B9EF /* Pods */,
				AF480BB878C0386DCBAEE68E /* Frameworks */,
			);
			sourceTree = "<group>";
		};
		18902E5D26E24D5600D55BF7 /* Products */ = {
			isa = PBXGroup;
			children = (
				18902E5C26E24D5600D55BF7 /* CurrencyConverter.app */,
			);
			name = Products;
			sourceTree = "<group>";
		};
		18902E5E26E24D5600D55BF7 /* CurrencyConverter */ = {
			isa = PBXGroup;
			children = (
				18E9CCD526E26C5A008DB6D7 /* CurrencyEntity+CoreDataClass.swift */,
				18E9CCD626E26C5A008DB6D7 /* CurrencyEntity+CoreDataProperties.swift */,
				18902E5F26E24D5600D55BF7 /* AppDelegate.swift */,
				18902E6126E24D5600D55BF7 /* SceneDelegate.swift */,
				18902E6326E24D5600D55BF7 /* ViewController.swift */,
				18902E6526E24D5600D55BF7 /* Main.storyboard */,
				18902E6B26E24D5800D55BF7 /* Assets.xcassets */,
				18902E6D26E24D5800D55BF7 /* LaunchScreen.storyboard */,
				18902E7026E24D5800D55BF7 /* Info.plist */,
				18902E6826E24D5600D55BF7 /* CurrencyConverter.xcdatamodeld */,
				18902E7726E24DA900D55BF7 /* CurrencyTableCell.swift */,
				18E9CCC726E26398008DB6D7 /* StartScreenViewController.swift */,
				18E9CCCA26E269DB008DB6D7 /* ConverterViewController.swift */,
			);
			path = CurrencyConverter;
			sourceTree = "<group>";
		};
		AF480BB878C0386DCBAEE68E /* Frameworks */ = {
			isa = PBXGroup;
			children = (
				3C519BCB951E57034CB6FA0A /* Pods_CurrencyConverter.framework */,
			);
			name = Frameworks;
			sourceTree = "<group>";
		};
		CBA671546D2F9E3C5135B9EF /* Pods */ = {
			isa = PBXGroup;
			children = (
				AC641B623CE4ABF3AD7AEC22 /* Pods-CurrencyConverter.debug.xcconfig */,
				00B5AA0FFD982F0469C821D4 /* Pods-CurrencyConverter.release.xcconfig */,
			);
			path = Pods;
			sourceTree = "<group>";
		};
/* End PBXGroup section */

/* Begin PBXNativeTarget section */
		18902E5B26E24D5600D55BF7 /* CurrencyConverter */ = {
			isa = PBXNativeTarget;
			buildConfigurationList = 18902E7326E24D5800D55BF7 /* Build configuration list for PBXNativeTarget "CurrencyConverter" */;
			buildPhases = (
				0458640ED02390FE95520E2F /* [CP] Check Pods Manifest.lock */,
				18902E5826E24D5600D55BF7 /* Sources */,
				18902E5926E24D5600D55BF7 /* Frameworks */,
				18902E5A26E24D5600D55BF7 /* Resources */,
				48D721E2EB53EAF524342000 /* [CP] Embed Pods Frameworks */,
			);
			buildRules = (
			);
			dependencies = (
			);
			name = CurrencyConverter;
			productName = CurrencyConverter;
			productReference = 18902E5C26E24D5600D55BF7 /* CurrencyConverter.app */;
			productType = "com.apple.product-type.application";
		};
/* End PBXNativeTarget section */

/* Begin PBXProject section */
		18902E5426E24D5600D55BF7 /* Project object */ = {
			isa = PBXProject;
			attributes = {
				LastSwiftUpdateCheck = 1240;
				LastUpgradeCheck = 1240;
				TargetAttributes = {
					18902E5B26E24D5600D55BF7 = {
						CreatedOnToolsVersion = 12.4;
					};
				};
			};
			buildConfigurationList = 18902E5726E24D5600D55BF7 /* Build configuration list for PBXProject "CurrencyConverter" */;
			compatibilityVersion = "Xcode 9.3";
			developmentRegion = en;
			hasScannedForEncodings = 0;
			knownRegions = (
				en,
				Base,
			);
			mainGroup = 18902E5326E24D5600D55BF7;
			productRefGroup = 18902E5D26E24D5600D55BF7 /* Products */;
			projectDirPath = "";
			projectRoot = "";
			targets = (
				18902E5B26E24D5600D55BF7 /* CurrencyConverter */,
			);
		};
/* End PBXProject section */

/* Begin PBXResourcesBuildPhase section */
		18902E5A26E24D5600D55BF7 /* Resources */ = {
			isa = PBXResourcesBuildPhase;
			buildActionMask = 2147483647;
			files = (
				18902E6F26E24D5800D55BF7 /* LaunchScreen.storyboard in Resources */,
				18902E6C26E24D5800D55BF7 /* Assets.xcassets in Resources */,
				18902E6726E24D5600D55BF7 /* Main.storyboard in Resources */,
			);
			runOnlyForDeploymentPostprocessing = 0;
		};
/* End PBXResourcesBuildPhase section */

/* Begin PBXShellScriptBuildPhase section */
		0458640ED02390FE95520E2F /* [CP] Check Pods Manifest.lock */ = {
			isa = PBXShellScriptBuildPhase;
			buildActionMask = 2147483647;
			files = (
			);
			inputFileListPaths = (
			);
			inputPaths = (
				"${PODS_PODFILE_DIR_PATH}/Podfile.lock",
				"${PODS_ROOT}/Manifest.lock",
			);
			name = "[CP] Check Pods Manifest.lock";
			outputFileListPaths = (
			);
			outputPaths = (
				"$(DERIVED_FILE_DIR)/Pods-CurrencyConverter-checkManifestLockResult.txt",
			);
			runOnlyForDeploymentPostprocessing = 0;
			shellPath = /bin/sh;
			shellScript = "diff \"${PODS_PODFILE_DIR_PATH}/Podfile.lock\" \"${PODS_ROOT}/Manifest.lock\" > /dev/null\nif [ $? != 0 ] ; then\n    # print error to STDERR\n    echo \"error: The sandbox is not in sync with the Podfile.lock. Run 'pod install' or update your CocoaPods installation.\" >&2\n    exit 1\nfi\n# This output is used by Xcode 'outputs' to avoid re-running this script phase.\necho \"SUCCESS\" > \"${SCRIPT_OUTPUT_FILE_0}\"\n";
			showEnvVarsInLog = 0;
		};
		48D721E2EB53EAF524342000 /* [CP] Embed Pods Frameworks */ = {
			isa = PBXShellScriptBuildPhase;
			buildActionMask = 2147483647;
			files = (
			);
			inputFileListPaths = (
				"${PODS_ROOT}/Target Support Files/Pods-CurrencyConverter/Pods-CurrencyConverter-frameworks-${CONFIGURATION}-input-files.xcfilelist",
			);
			name = "[CP] Embed Pods Frameworks";
			outputFileListPaths = (
				"${PODS_ROOT}/Target Support Files/Pods-CurrencyConverter/Pods-CurrencyConverter-frameworks-${CONFIGURATION}-output-files.xcfilelist",
			);
			runOnlyForDeploymentPostprocessing = 0;
			shellPath = /bin/sh;
			shellScript = "\"${PODS_ROOT}/Target Support Files/Pods-CurrencyConverter/Pods-CurrencyConverter-frameworks.sh\"\n";
			showEnvVarsInLog = 0;
		};
/* End PBXShellScriptBuildPhase section */

/* Begin PBXSourcesBuildPhase section */
		18902E5826E24D5600D55BF7 /* Sources */ = {
			isa = PBXSourcesBuildPhase;
			buildActionMask = 2147483647;
			files = (
				18902E6426E24D5600D55BF7 /* ViewController.swift in Sources */,
				18902E6A26E24D5600D55BF7 /* CurrencyConverter.xcdatamodeld in Sources */,
				18902E6026E24D5600D55BF7 /* AppDelegate.swift in Sources */,
				18E9CCC826E26398008DB6D7 /* StartScreenViewController.swift in Sources */,
				18902E6226E24D5600D55BF7 /* SceneDelegate.swift in Sources */,
				18E9CCD826E26C5A008DB6D7 /* CurrencyEntity+CoreDataClass.swift in Sources */,
				18E9CCD726E26C5A008DB6D7 /* CurrencyEntity+CoreDataProperties.swift in Sources */,
				18E9CCCB26E269DB008DB6D7 /* ConverterViewController.swift in Sources */,
				18902E7826E24DA900D55BF7 /* CurrencyTableCell.swift in Sources */,
			);
			runOnlyForDeploymentPostprocessing = 0;
		};
/* End PBXSourcesBuildPhase section */

/* Begin PBXVariantGroup section */
		18902E6526E24D5600D55BF7 /* Main.storyboard */ = {
			isa = PBXVariantGroup;
			children = (
				18902E6626E24D5600D55BF7 /* Base */,
			);
			name = Main.storyboard;
			sourceTree = "<group>";
		};
		18902E6D26E24D5800D55BF7 /* LaunchScreen.storyboard */ = {
			isa = PBXVariantGroup;
			children = (
				18902E6E26E24D5800D55BF7 /* Base */,
			);
			name = LaunchScreen.storyboard;
			sourceTree = "<group>";
		};
/* End PBXVariantGroup section */

/* Begin XCBuildConfiguration section */
		18902E7126E24D5800D55BF7 /* Debug */ = {
			isa = XCBuildConfiguration;
			buildSettings = {
				ALWAYS_SEARCH_USER_PATHS = NO;
				CLANG_ANALYZER_NONNULL = YES;
				CLANG_ANALYZER_NUMBER_OBJECT_CONVERSION = YES_AGGRESSIVE;
				CLANG_CXX_LANGUAGE_STANDARD = "gnu++14";
				CLANG_CXX_LIBRARY = "libc++";
				CLANG_ENABLE_MODULES = YES;
				CLANG_ENABLE_OBJC_ARC = YES;
				CLANG_ENABLE_OBJC_WEAK = YES;
				CLANG_WARN_BLOCK_CAPTURE_AUTORELEASING = YES;
				CLANG_WARN_BOOL_CONVERSION = YES;
				CLANG_WARN_COMMA = YES;
				CLANG_WARN_CONSTANT_CONVERSION = YES;
				CLANG_WARN_DEPRECATED_OBJC_IMPLEMENTATIONS = YES;
				CLANG_WARN_DIRECT_OBJC_ISA_USAGE = YES_ERROR;
				CLANG_WARN_DOCUMENTATION_COMMENTS = YES;
				CLANG_WARN_EMPTY_BODY = YES;
				CLANG_WARN_ENUM_CONVERSION = YES;
				CLANG_WARN_INFINITE_RECURSION = YES;
				CLANG_WARN_INT_CONVERSION = YES;
				CLANG_WARN_NON_LITERAL_NULL_CONVERSION = YES;
				CLANG_WARN_OBJC_IMPLICIT_RETAIN_SELF = YES;
				CLANG_WARN_OBJC_LITERAL_CONVERSION = YES;
				CLANG_WARN_OBJC_ROOT_CLASS = YES_ERROR;
				CLANG_WARN_QUOTED_INCLUDE_IN_FRAMEWORK_HEADER = YES;
				CLANG_WARN_RANGE_LOOP_ANALYSIS = YES;
				CLANG_WARN_STRICT_PROTOTYPES = YES;
				CLANG_WARN_SUSPICIOUS_MOVE = YES;
				CLANG_WARN_UNGUARDED_AVAILABILITY = YES_AGGRESSIVE;
				CLANG_WARN_UNREACHABLE_CODE = YES;
				CLANG_WARN__DUPLICATE_METHOD_MATCH = YES;
				COPY_PHASE_STRIP = NO;
				DEBUG_INFORMATION_FORMAT = dwarf;
				ENABLE_STRICT_OBJC_MSGSEND = YES;
				ENABLE_TESTABILITY = YES;
				GCC_C_LANGUAGE_STANDARD = gnu11;
				GCC_DYNAMIC_NO_PIC = NO;
				GCC_NO_COMMON_BLOCKS = YES;
				GCC_OPTIMIZATION_LEVEL = 0;
				GCC_PREPROCESSOR_DEFINITIONS = (
					"DEBUG=1",
					"$(inherited)",
				);
				GCC_WARN_64_TO_32_BIT_CONVERSION = YES;
				GCC_WARN_ABOUT_RETURN_TYPE = YES_ERROR;
				GCC_WARN_UNDECLARED_SELECTOR = YES;
				GCC_WARN_UNINITIALIZED_AUTOS = YES_AGGRESSIVE;
				GCC_WARN_UNUSED_FUNCTION = YES;
				GCC_WARN_UNUSED_VARIABLE = YES;
				IPHONEOS_DEPLOYMENT_TARGET = 14.4;
				MTL_ENABLE_DEBUG_INFO = INCLUDE_SOURCE;
				MTL_FAST_MATH = YES;
				ONLY_ACTIVE_ARCH = YES;
				SDKROOT = iphoneos;
				SWIFT_ACTIVE_COMPILATION_CONDITIONS = DEBUG;
				SWIFT_OPTIMIZATION_LEVEL = "-Onone";
			};
			name = Debug;
		};
		18902E7226E24D5800D55BF7 /* Release */ = {
			isa = XCBuildConfiguration;
			buildSettings = {
				ALWAYS_SEARCH_USER_PATHS = NO;
				CLANG_ANALYZER_NONNULL = YES;
				CLANG_ANALYZER_NUMBER_OBJECT_CONVERSION = YES_AGGRESSIVE;
				CLANG_CXX_LANGUAGE_STANDARD = "gnu++14";
				CLANG_CXX_LIBRARY = "libc++";
				CLANG_ENABLE_MODULES = YES;
				CLANG_ENABLE_OBJC_ARC = YES;
				CLANG_ENABLE_OBJC_WEAK = YES;
				CLANG_WARN_BLOCK_CAPTURE_AUTORELEASING = YES;
				CLANG_WARN_BOOL_CONVERSION = YES;
				CLANG_WARN_COMMA = YES;
				CLANG_WARN_CONSTANT_CONVERSION = YES;
				CLANG_WARN_DEPRECATED_OBJC_IMPLEMENTATIONS = YES;
				CLANG_WARN_DIRECT_OBJC_ISA_USAGE = YES_ERROR;
				CLANG_WARN_DOCUMENTATION_COMMENTS = YES;
				CLANG_WARN_EMPTY_BODY = YES;
				CLANG_WARN_ENUM_CONVERSION = YES;
				CLANG_WARN_INFINITE_RECURSION = YES;
				CLANG_WARN_INT_CONVERSION = YES;
				CLANG_WARN_NON_LITERAL_NULL_CONVERSION = YES;
				CLANG_WARN_OBJC_IMPLICIT_RETAIN_SELF = YES;
				CLANG_WARN_OBJC_LITERAL_CONVERSION = YES;
				CLANG_WARN_OBJC_ROOT_CLASS = YES_ERROR;
				CLANG_WARN_QUOTED_INCLUDE_IN_FRAMEWORK_HEADER = YES;
				CLANG_WARN_RANGE_LOOP_ANALYSIS = YES;
				CLANG_WARN_STRICT_PROTOTYPES = YES;
				CLANG_WARN_SUSPICIOUS_MOVE = YES;
				CLANG_WARN_UNGUARDED_AVAILABILITY = YES_AGGRESSIVE;
				CLANG_WARN_UNREACHABLE_CODE = YES;
				CLANG_WARN__DUPLICATE_METHOD_MATCH = YES;
				COPY_PHASE_STRIP = NO;
				DEBUG_INFORMATION_FORMAT = "dwarf-with-dsym";
				ENABLE_NS_ASSERTIONS = NO;
				ENABLE_STRICT_OBJC_MSGSEND = YES;
				GCC_C_LANGUAGE_STANDARD = gnu11;
				GCC_NO_COMMON_BLOCKS = YES;
				GCC_WARN_64_TO_32_BIT_CONVERSION = YES;
				GCC_WARN_ABOUT_RETURN_TYPE = YES_ERROR;
				GCC_WARN_UNDECLARED_SELECTOR = YES;
				GCC_WARN_UNINITIALIZED_AUTOS = YES_AGGRESSIVE;
				GCC_WARN_UNUSED_FUNCTION = YES;
				GCC_WARN_UNUSED_VARIABLE = YES;
				IPHONEOS_DEPLOYMENT_TARGET = 14.4;
				MTL_ENABLE_DEBUG_INFO = NO;
				MTL_FAST_MATH = YES;
				SDKROOT = iphoneos;
				SWIFT_COMPILATION_MODE = wholemodule;
				SWIFT_OPTIMIZATION_LEVEL = "-O";
				VALIDATE_PRODUCT = YES;
			};
			name = Release;
		};
		18902E7426E24D5800D55BF7 /* Debug */ = {
			isa = XCBuildConfiguration;
			baseConfigurationReference = AC641B623CE4ABF3AD7AEC22 /* Pods-CurrencyConverter.debug.xcconfig */;
			buildSettings = {
				ASSETCATALOG_COMPILER_APPICON_NAME = AppIcon;
				ASSETCATALOG_COMPILER_GLOBAL_ACCENT_COLOR_NAME = AccentColor;
				CODE_SIGN_STYLE = Automatic;
				INFOPLIST_FILE = CurrencyConverter/Info.plist;
				LD_RUNPATH_SEARCH_PATHS = (
					"$(inherited)",
					"@executable_path/Frameworks",
				);
				PRODUCT_BUNDLE_IDENTIFIER = com.test.CurrencyConverter;
				PRODUCT_NAME = "$(TARGET_NAME)";
				SWIFT_VERSION = 5.0;
				TARGETED_DEVICE_FAMILY = "1,2";
			};
			name = Debug;
		};
		18902E7526E24D5800D55BF7 /* Release */ = {
			isa = XCBuildConfiguration;
			baseConfigurationReference = 00B5AA0FFD982F0469C821D4 /* Pods-CurrencyConverter.release.xcconfig */;
			buildSettings = {
				ASSETCATALOG_COMPILER_APPICON_NAME = AppIcon;
				ASSETCATALOG_COMPILER_GLOBAL_ACCENT_COLOR_NAME = AccentColor;
				CODE_SIGN_STYLE = Automatic;
				INFOPLIST_FILE = CurrencyConverter/Info.plist;
				LD_RUNPATH_SEARCH_PATHS = (
					"$(inherited)",
					"@executable_path/Frameworks",
				);
				PRODUCT_BUNDLE_IDENTIFIER = com.test.CurrencyConverter;
				PRODUCT_NAME = "$(TARGET_NAME)";
				SWIFT_VERSION = 5.0;
				TARGETED_DEVICE_FAMILY = "1,2";
			};
			name = Release;
		};
/* End XCBuildConfiguration section */

/* Begin XCConfigurationList section */
		18902E5726E24D5600D55BF7 /* Build configuration list for PBXProject "CurrencyConverter" */ = {
			isa = XCConfigurationList;
			buildConfigurations = (
				18902E7126E24D5800D55BF7 /* Debug */,
				18902E7226E24D5800D55BF7 /* Release */,
			);
			defaultConfigurationIsVisible = 0;
			defaultConfigurationName = Release;
		};
		18902E7326E24D5800D55BF7 /* Build configuration list for PBXNativeTarget "CurrencyConverter" */ = {
			isa = XCConfigurationList;
			buildConfigurations = (
				18902E7426E24D5800D55BF7 /* Debug */,
				18902E7526E24D5800D55BF7 /* Release */,
			);
			defaultConfigurationIsVisible = 0;
			defaultConfigurationName = Release;
		};
/* End XCConfigurationList section */

/* Begin XCVersionGroup section */
		18902E6826E24D5600D55BF7 /* CurrencyConverter.xcdatamodeld */ = {
			isa = XCVersionGroup;
			children = (
				18902E6926E24D5600D55BF7 /* CurrencyConverter.xcdatamodel */,
			);
			currentVersion = 18902E6926E24D5600D55BF7 /* CurrencyConverter.xcdatamodel */;
			path = CurrencyConverter.xcdatamodeld;
			sourceTree = "<group>";
			versionGroupType = wrapper.xcdatamodel;
		};
/* End XCVersionGroup section */
	};
	rootObject = 18902E5426E24D5600D55BF7 /* Project object */;
}
